// !$*UTF8*$!
{
	archiveVersion = 1;
	classes = {
	};
	objectVersion = 54;
	objects = {

/* Begin PBXBuildFile section */
		0C40B206D2D317AD50A1776C /* AuthViewModel.swift in Sources */ = {isa = PBXBuildFile; fileRef = 3CF28419D1A7332E03D08184 /* AuthViewModel.swift */; };
		1044A98946F7A4ABAB406A66 /* LoginView.swift in Sources */ = {isa = PBXBuildFile; fileRef = F3661E28414D240869F7A609 /* LoginView.swift */; };
		1E62BC554B878997805D0566 /* ProfileView.swift in Sources */ = {isa = PBXBuildFile; fileRef = 9D2885BB4ECE21D3E932F26E /* ProfileView.swift */; };
		7CAA2817159145FDD4800392 /* ColorTheme.swift in Sources */ = {isa = PBXBuildFile; fileRef = 46EA9DB253A3C3E8A1A52722 /* ColorTheme.swift */; };
		C039A6288DADC8ED2BF10E4C /* CartView.swift in Sources */ = {isa = PBXBuildFile; fileRef = 450E05E4D063B343A2909A92 /* CartView.swift */; };
		D980347A8DB8B497F093000C /* HomeView.swift in Sources */ = {isa = PBXBuildFile; fileRef = 05351030C45043B2538E2011 /* HomeView.swift */; };
		DAD7153F7D0DA8A63EBEB822 /* eCommerceAppApp.swift in Sources */ = {isa = PBXBuildFile; fileRef = 4161C4201F61F857A9D0A07A /* eCommerceAppApp.swift */; };
/* End PBXBuildFile section */

/* Begin PBXFileReference section */
		05351030C45043B2538E2011 /* HomeView.swift */ = {isa = PBXFileReference; lastKnownFileType = sourcecode.swift; path = HomeView.swift; sourceTree = "<group>"; };
		3CF28419D1A7332E03D08184 /* AuthViewModel.swift */ = {isa = PBXFileReference; lastKnownFileType = sourcecode.swift; path = AuthViewModel.swift; sourceTree = "<group>"; };
		4161C4201F61F857A9D0A07A /* eCommerceAppApp.swift */ = {isa = PBXFileReference; lastKnownFileType = sourcecode.swift; path = eCommerceAppApp.swift; sourceTree = "<group>"; };
		450E05E4D063B343A2909A92 /* CartView.swift */ = {isa = PBXFileReference; lastKnownFileType = sourcecode.swift; path = CartView.swift; sourceTree = "<group>"; };
		46EA9DB253A3C3E8A1A52722 /* ColorTheme.swift */ = {isa = PBXFileReference; lastKnownFileType = sourcecode.swift; path = ColorTheme.swift; sourceTree = "<group>"; };
		9D2885BB4ECE21D3E932F26E /* ProfileView.swift */ = {isa = PBXFileReference; lastKnownFileType = sourcecode.swift; path = ProfileView.swift; sourceTree = "<group>"; };
		ED6E8B75D94FD6782F7FD275 /* eCommerceApp.app */ = {isa = PBXFileReference; includeInIndex = 0; lastKnownFileType = wrapper.application; path = eCommerceApp.app; sourceTree = BUILT_PRODUCTS_DIR; };
		F3661E28414D240869F7A609 /* LoginView.swift */ = {isa = PBXFileReference; lastKnownFileType = sourcecode.swift; path = LoginView.swift; sourceTree = "<group>"; };
		FF184DB578A41C2D2DA0101A /* Info.plist */ = {isa = PBXFileReference; lastKnownFileType = text.plist; path = Info.plist; sourceTree = "<group>"; };
/* End PBXFileReference section */

/* Begin PBXGroup section */
		00BDDBA6450C8D5EE2F17740 = {
			isa = PBXGroup;
			children = (
				47601703F0FD1A2545F317FB /* eCommerceApp */,
				C334CFF9C6B62008AC3E3455 /* Products */,
			);
			sourceTree = "<group>";
		};
		28E6B19C1E7E54F538D97793 /* Cart */ = {
			isa = PBXGroup;
			children = (
				450E05E4D063B343A2909A92 /* CartView.swift */,
			);
			path = Cart;
			sourceTree = "<group>";
		};
		47601703F0FD1A2545F317FB /* eCommerceApp */ = {
			isa = PBXGroup;
			children = (
				FF184DB578A41C2D2DA0101A /* Info.plist */,
				E99E314C604DABC83053457E /* App */,
				CAD6C6DBC62A5446E2628829 /* Features */,
				94ABC67E00D6CC38EAC4998B /* UI */,
			);
			path = eCommerceApp;
			sourceTree = "<group>";
		};
		7308C3D891160515A73B3A02 /* Styles */ = {
			isa = PBXGroup;
			children = (
				46EA9DB253A3C3E8A1A52722 /* ColorTheme.swift */,
			);
			path = Styles;
			sourceTree = "<group>";
		};
		94ABC67E00D6CC38EAC4998B /* UI */ = {
			isa = PBXGroup;
			children = (
				7308C3D891160515A73B3A02 /* Styles */,
			);
			path = UI;
			sourceTree = "<group>";
		};
		C334CFF9C6B62008AC3E3455 /* Products */ = {
			isa = PBXGroup;
			children = (
				ED6E8B75D94FD6782F7FD275 /* eCommerceApp.app */,
			);
			name = Products;
			sourceTree = "<group>";
		};
		CAD6C6DBC62A5446E2628829 /* Features */ = {
			isa = PBXGroup;
			children = (
				D7C6AEBA24C2445CC272209D /* Authentication */,
				28E6B19C1E7E54F538D97793 /* Cart */,
				D56ABEDC0BF1B7C01FDBD302 /* Home */,
				F1CED4B4C8B5D22C6371BC44 /* Profile */,
			);
			path = Features;
			sourceTree = "<group>";
		};
		D56ABEDC0BF1B7C01FDBD302 /* Home */ = {
			isa = PBXGroup;
			children = (
				05351030C45043B2538E2011 /* HomeView.swift */,
			);
			path = Home;
			sourceTree = "<group>";
		};
		D7C6AEBA24C2445CC272209D /* Authentication */ = {
			isa = PBXGroup;
			children = (
				3CF28419D1A7332E03D08184 /* AuthViewModel.swift */,
				F3661E28414D240869F7A609 /* LoginView.swift */,
			);
			path = Authentication;
			sourceTree = "<group>";
		};
		E99E314C604DABC83053457E /* App */ = {
			isa = PBXGroup;
			children = (
				4161C4201F61F857A9D0A07A /* eCommerceAppApp.swift */,
			);
			path = App;
			sourceTree = "<group>";
		};
		F1CED4B4C8B5D22C6371BC44 /* Profile */ = {
			isa = PBXGroup;
			children = (
				9D2885BB4ECE21D3E932F26E /* ProfileView.swift */,
			);
			path = Profile;
			sourceTree = "<group>";
		};
/* End PBXGroup section */

/* Begin PBXNativeTarget section */
		75E39C73C924EA891D2948FC /* eCommerceApp */ = {
			isa = PBXNativeTarget;
			buildConfigurationList = F091982C242613C7F99FA519 /* Build configuration list for PBXNativeTarget "eCommerceApp" */;
			buildPhases = (
				83DA260FAF8E19F18F5DB7D2 /* Sources */,
			);
			buildRules = (
			);
			dependencies = (
			);
			name = eCommerceApp;
			productName = eCommerceApp;
			productReference = ED6E8B75D94FD6782F7FD275 /* eCommerceApp.app */;
			productType = "com.apple.product-type.application";
		};
/* End PBXNativeTarget section */

/* Begin PBXProject section */
		5A399C2DBCBB90C279C31EDA /* Project object */ = {
			isa = PBXProject;
			attributes = {
				BuildIndependentTargetsInParallel = YES;
				LastUpgradeCheck = 1430;
				TargetAttributes = {
				};
			};
			buildConfigurationList = A1B7FB5414B702279497D05B /* Build configuration list for PBXProject "eCommerceApp" */;
			compatibilityVersion = "Xcode 14.0";
			developmentRegion = en;
			hasScannedForEncodings = 0;
			knownRegions = (
				Base,
				en,
			);
			mainGroup = 00BDDBA6450C8D5EE2F17740;
			projectDirPath = "";
			projectRoot = "";
			targets = (
				75E39C73C924EA891D2948FC /* eCommerceApp */,
			);
		};
/* End PBXProject section */

/* Begin PBXSourcesBuildPhase section */
		83DA260FAF8E19F18F5DB7D2 /* Sources */ = {
			isa = PBXSourcesBuildPhase;
			buildActionMask = 2147483647;
			files = (
				0C40B206D2D317AD50A1776C /* AuthViewModel.swift in Sources */,
				C039A6288DADC8ED2BF10E4C /* CartView.swift in Sources */,
				7CAA2817159145FDD4800392 /* ColorTheme.swift in Sources */,
				D980347A8DB8B497F093000C /* HomeView.swift in Sources */,
				1044A98946F7A4ABAB406A66 /* LoginView.swift in Sources */,
				1E62BC554B878997805D0566 /* ProfileView.swift in Sources */,
				DAD7153F7D0DA8A63EBEB822 /* eCommerceAppApp.swift in Sources */,
			);
			runOnlyForDeploymentPostprocessing = 0;
		};
/* End PBXSourcesBuildPhase section */

/* Begin XCBuildConfiguration section */
		2603C54DDE63DFFEBA0DBA45 /* Debug */ = {
			isa = XCBuildConfiguration;
			buildSettings = {
				ASSETCATALOG_COMPILER_APPICON_NAME = AppIcon;
				CODE_SIGN_IDENTITY = "iPhone Developer";
				INFOPLIST_FILE = eCommerceApp/Info.plist;
				LD_RUNPATH_SEARCH_PATHS = (
					"$(inherited)",
					"@executable_path/Frameworks",
				);
				PRODUCT_BUNDLE_IDENTIFIER = com.example.eCommerceApp;
				SDKROOT = iphoneos;
				TARGETED_DEVICE_FAMILY = "1,2";
			};
			name = Debug;
		};
		44F31F85A7D0749D3AFDE41C /* Release */ = {
			isa = XCBuildConfiguration;
			buildSettings = {
				ASSETCATALOG_COMPILER_APPICON_NAME = AppIcon;
				CODE_SIGN_IDENTITY = "iPhone Developer";
				INFOPLIST_FILE = eCommerceApp/Info.plist;
				LD_RUNPATH_SEARCH_PATHS = (
					"$(inherited)",
					"@executable_path/Frameworks",
				);
				PRODUCT_BUNDLE_IDENTIFIER = com.example.eCommerceApp;
				SDKROOT = iphoneos;
				TARGETED_DEVICE_FAMILY = "1,2";
			};
			name = Release;
		};
		AC37BE38EB94E05B639B5B10 /* Debug */ = {
			isa = XCBuildConfiguration;
			buildSettings = {
				ALWAYS_SEARCH_USER_PATHS = NO;
				CLANG_ANALYZER_NONNULL = YES;
				CLANG_ANALYZER_NUMBER_OBJECT_CONVERSION = YES_AGGRESSIVE;
				CLANG_CXX_LANGUAGE_STANDARD = "gnu++14";
				CLANG_CXX_LIBRARY = "libc++";
				CLANG_ENABLE_MODULES = YES;
				CLANG_ENABLE_OBJC_ARC = YES;
				CLANG_ENABLE_OBJC_WEAK = YES;
				CLANG_WARN_BLOCK_CAPTURE_AUTORELEASING = YES;
				CLANG_WARN_BOOL_CONVERSION = YES;
				CLANG_WARN_COMMA = YES;
				CLANG_WARN_CONSTANT_CONVERSION = YES;
				CLANG_WARN_DEPRECATED_OBJC_IMPLEMENTATIONS = YES;
				CLANG_WARN_DIRECT_OBJC_ISA_USAGE = YES_ERROR;
				CLANG_WARN_DOCUMENTATION_COMMENTS = YES;
				CLANG_WARN_EMPTY_BODY = YES;
				CLANG_WARN_ENUM_CONVERSION = YES;
				CLANG_WARN_INFINITE_RECURSION = YES;
				CLANG_WARN_INT_CONVERSION = YES;
				CLANG_WARN_NON_LITERAL_NULL_CONVERSION = YES;
				CLANG_WARN_OBJC_IMPLICIT_RETAIN_SELF = YES;
				CLANG_WARN_OBJC_LITERAL_CONVERSION = YES;
				CLANG_WARN_OBJC_ROOT_CLASS = YES_ERROR;
				CLANG_WARN_QUOTED_INCLUDE_IN_FRAMEWORK_HEADER = YES;
				CLANG_WARN_RANGE_LOOP_ANALYSIS = YES;
				CLANG_WARN_STRICT_PROTOTYPES = YES;
				CLANG_WARN_SUSPICIOUS_MOVE = YES;
				CLANG_WARN_UNGUARDED_AVAILABILITY = YES_AGGRESSIVE;
				CLANG_WARN_UNREACHABLE_CODE = YES;
				CLANG_WARN__DUPLICATE_METHOD_MATCH = YES;
				COPY_PHASE_STRIP = NO;
				DEBUG_INFORMATION_FORMAT = dwarf;
				ENABLE_STRICT_OBJC_MSGSEND = YES;
				ENABLE_TESTABILITY = YES;
				GCC_C_LANGUAGE_STANDARD = gnu11;
				GCC_DYNAMIC_NO_PIC = NO;
				GCC_NO_COMMON_BLOCKS = YES;
				GCC_OPTIMIZATION_LEVEL = 0;
				GCC_PREPROCESSOR_DEFINITIONS = (
					"$(inherited)",
					"DEBUG=1",
				);
				GCC_WARN_64_TO_32_BIT_CONVERSION = YES;
				GCC_WARN_ABOUT_RETURN_TYPE = YES_ERROR;
				GCC_WARN_UNDECLARED_SELECTOR = YES;
				GCC_WARN_UNINITIALIZED_AUTOS = YES_AGGRESSIVE;
				GCC_WARN_UNUSED_FUNCTION = YES;
				GCC_WARN_UNUSED_VARIABLE = YES;
				IPHONEOS_DEPLOYMENT_TARGET = 14.0;
				MTL_ENABLE_DEBUG_INFO = INCLUDE_SOURCE;
				MTL_FAST_MATH = YES;
				ONLY_ACTIVE_ARCH = YES;
				PRODUCT_NAME = "$(TARGET_NAME)";
				SDKROOT = iphoneos;
				SWIFT_ACTIVE_COMPILATION_CONDITIONS = DEBUG;
				SWIFT_OPTIMIZATION_LEVEL = "-Onone";
				SWIFT_VERSION = 5.0;
			};
			name = Debug;
		};
		C38575DAF5747CE64CF02529 /* Release */ = {
			isa = XCBuildConfiguration;
			buildSettings = {
				ALWAYS_SEARCH_USER_PATHS = NO;
				CLANG_ANALYZER_NONNULL = YES;
				CLANG_ANALYZER_NUMBER_OBJECT_CONVERSION = YES_AGGRESSIVE;
				CLANG_CXX_LANGUAGE_STANDARD = "gnu++14";
				CLANG_CXX_LIBRARY = "libc++";
				CLANG_ENABLE_MODULES = YES;
				CLANG_ENABLE_OBJC_ARC = YES;
				CLANG_ENABLE_OBJC_WEAK = YES;
				CLANG_WARN_BLOCK_CAPTURE_AUTORELEASING = YES;
				CLANG_WARN_BOOL_CONVERSION = YES;
				CLANG_WARN_COMMA = YES;
				CLANG_WARN_CONSTANT_CONVERSION = YES;
				CLANG_WARN_DEPRECATED_OBJC_IMPLEMENTATIONS = YES;
				CLANG_WARN_DIRECT_OBJC_ISA_USAGE = YES_ERROR;
				CLANG_WARN_DOCUMENTATION_COMMENTS = YES;
				CLANG_WARN_EMPTY_BODY = YES;
				CLANG_WARN_ENUM_CONVERSION = YES;
				CLANG_WARN_INFINITE_RECURSION = YES;
				CLANG_WARN_INT_CONVERSION = YES;
				CLANG_WARN_NON_LITERAL_NULL_CONVERSION = YES;
				CLANG_WARN_OBJC_IMPLICIT_RETAIN_SELF = YES;
				CLANG_WARN_OBJC_LITERAL_CONVERSION = YES;
				CLANG_WARN_OBJC_ROOT_CLASS = YES_ERROR;
				CLANG_WARN_QUOTED_INCLUDE_IN_FRAMEWORK_HEADER = YES;
				CLANG_WARN_RANGE_LOOP_ANALYSIS = YES;
				CLANG_WARN_STRICT_PROTOTYPES = YES;
				CLANG_WARN_SUSPICIOUS_MOVE = YES;
				CLANG_WARN_UNGUARDED_AVAILABILITY = YES_AGGRESSIVE;
				CLANG_WARN_UNREACHABLE_CODE = YES;
				CLANG_WARN__DUPLICATE_METHOD_MATCH = YES;
				COPY_PHASE_STRIP = NO;
				DEBUG_INFORMATION_FORMAT = "dwarf-with-dsym";
				ENABLE_NS_ASSERTIONS = NO;
				ENABLE_STRICT_OBJC_MSGSEND = YES;
				GCC_C_LANGUAGE_STANDARD = gnu11;
				GCC_NO_COMMON_BLOCKS = YES;
				GCC_WARN_64_TO_32_BIT_CONVERSION = YES;
				GCC_WARN_ABOUT_RETURN_TYPE = YES_ERROR;
				GCC_WARN_UNDECLARED_SELECTOR = YES;
				GCC_WARN_UNINITIALIZED_AUTOS = YES_AGGRESSIVE;
				GCC_WARN_UNUSED_FUNCTION = YES;
				GCC_WARN_UNUSED_VARIABLE = YES;
				IPHONEOS_DEPLOYMENT_TARGET = 14.0;
				MTL_ENABLE_DEBUG_INFO = NO;
				MTL_FAST_MATH = YES;
				PRODUCT_NAME = "$(TARGET_NAME)";
				SDKROOT = iphoneos;
				SWIFT_COMPILATION_MODE = wholemodule;
				SWIFT_OPTIMIZATION_LEVEL = "-O";
				SWIFT_VERSION = 5.0;
			};
			name = Release;
		};
/* End XCBuildConfiguration section */

/* Begin XCConfigurationList section */
		A1B7FB5414B702279497D05B /* Build configuration list for PBXProject "eCommerceApp" */ = {
			isa = XCConfigurationList;
			buildConfigurations = (
				AC37BE38EB94E05B639B5B10 /* Debug */,
				C38575DAF5747CE64CF02529 /* Release */,
			);
			defaultConfigurationIsVisible = 0;
			defaultConfigurationName = Debug;
		};
		F091982C242613C7F99FA519 /* Build configuration list for PBXNativeTarget "eCommerceApp" */ = {
			isa = XCConfigurationList;
			buildConfigurations = (
				2603C54DDE63DFFEBA0DBA45 /* Debug */,
				44F31F85A7D0749D3AFDE41C /* Release */,
			);
			defaultConfigurationIsVisible = 0;
			defaultConfigurationName = Debug;
		};
/* End XCConfigurationList section */
	};
	rootObject = 5A399C2DBCBB90C279C31EDA /* Project object */;
}
